
Microsoft Visual Studio Solution File, Format Version 12.00
# Visual Studio Version 17
VisualStudioVersion = 17.2.32526.322
MinimumVisualStudioVersion = 10.0.40219.1
Project("{9A19103F-16F7-4668-BE54-9A1E7A4F7556}") = "LEFiles.Client.Core", "LEFiles.Client.Core\LEFiles.Client.Core.csproj", "{E59DE77D-7A99-4EFD-9DFE-681104824C93}"
EndProject
Project("{9A19103F-16F7-4668-BE54-9A1E7A4F7556}") = "LEFiles.Client.UI", "LEFiles.Client.UI\LEFiles.Client.UI.csproj", "{11510C3F-E7B9-4B7C-BE32-96611FBA5447}"
EndProject
Project("{9A19103F-16F7-4668-BE54-9A1E7A4F7556}") = "LEFiles.Client.Console", "LEFiles.Client.Console\LEFiles.Client.Console.csproj", "{634B7323-C42F-4400-BD54-5A6A4F639372}"
EndProject
Project("{9A19103F-16F7-4668-BE54-9A1E7A4F7556}") = "LEFiles.Common", "D:\Development\ES-LEFiles\LEFiles\common\LEFiles.Common\LEFiles.Common.csproj", "{5375BD74-CAD2-47C7-B2FB-EBF73B66773E}"
EndProject
Global
	GlobalSection(SolutionConfigurationPlatforms) = preSolution
		Debug|Any CPU = Debug|Any CPU
		Release|Any CPU = Release|Any CPU
	EndGlobalSection
	GlobalSection(ProjectConfigurationPlatforms) = postSolution
		{E59DE77D-7A99-4EFD-9DFE-681104824C93}.Debug|Any CPU.ActiveCfg = Debug|Any CPU
		{E59DE77D-7A99-4EFD-9DFE-681104824C93}.Debug|Any CPU.Build.0 = Debug|Any CPU
		{E59DE77D-7A99-4EFD-9DFE-681104824C93}.Release|Any CPU.ActiveCfg = Release|Any CPU
		{E59DE77D-7A99-4EFD-9DFE-681104824C93}.Release|Any CPU.Build.0 = Release|Any CPU
		{11510C3F-E7B9-4B7C-BE32-96611FBA5447}.Debug|Any CPU.ActiveCfg = Debug|Any CPU
		{11510C3F-E7B9-4B7C-BE32-96611FBA5447}.Debug|Any CPU.Build.0 = Debug|Any CPU
		{11510C3F-E7B9-4B7C-BE32-96611FBA5447}.Release|Any CPU.ActiveCfg = Release|Any CPU
		{11510C3F-E7B9-4B7C-BE32-96611FBA5447}.Release|Any CPU.Build.0 = Release|Any CPU
		{634B7323-C42F-4400-BD54-5A6A4F639372}.Debug|Any CPU.ActiveCfg = Debug|Any CPU
		{634B7323-C42F-4400-BD54-5A6A4F639372}.Debug|Any CPU.Build.0 = Debug|Any CPU
		{634B7323-C42F-4400-BD54-5A6A4F639372}.Release|Any CPU.ActiveCfg = Release|Any CPU
		{634B7323-C42F-4400-BD54-5A6A4F639372}.Release|Any CPU.Build.0 = Release|Any CPU
		{5375BD74-CAD2-47C7-B2FB-EBF73B66773E}.Debug|Any CPU.ActiveCfg = Debug|Any CPU
		{5375BD74-CAD2-47C7-B2FB-EBF73B66773E}.Debug|Any CPU.Build.0 = Debug|Any CPU
		{5375BD74-CAD2-47C7-B2FB-EBF73B66773E}.Release|Any CPU.ActiveCfg = Release|Any CPU
		{5375BD74-CAD2-47C7-B2FB-EBF73B66773E}.Release|Any CPU.Build.0 = Release|Any CPU
	EndGlobalSection
	GlobalSection(SolutionProperties) = preSolution
		HideSolutionNode = FALSE
	EndGlobalSection
	GlobalSection(ExtensibilityGlobals) = postSolution
		SolutionGuid = {94A3C4CA-0F26-417D-BF82-3029A952317D}
	EndGlobalSection
EndGlobal
